// !$*UTF8*$!
{
	archiveVersion = 1;
	classes = {
	};
	objectVersion = 50;
	objects = {

/* Begin PBXBuildFile section */
		1F7F024E248B0F9A0039DFB9 /* AppDelegate.swift in Sources */ = {isa = PBXBuildFile; fileRef = 1F7F024D248B0F9A0039DFB9 /* AppDelegate.swift */; };
		1F7F0250248B0F9A0039DFB9 /* SceneDelegate.swift in Sources */ = {isa = PBXBuildFile; fileRef = 1F7F024F248B0F9A0039DFB9 /* SceneDelegate.swift */; };
		1F7F0252248B0F9A0039DFB9 /* ContentView.swift in Sources */ = {isa = PBXBuildFile; fileRef = 1F7F0251248B0F9A0039DFB9 /* ContentView.swift */; };
		1F7F0254248B0F9C0039DFB9 /* Assets.xcassets in Resources */ = {isa = PBXBuildFile; fileRef = 1F7F0253248B0F9C0039DFB9 /* Assets.xcassets */; };
		1F7F0257248B0F9C0039DFB9 /* Preview Assets.xcassets in Resources */ = {isa = PBXBuildFile; fileRef = 1F7F0256248B0F9C0039DFB9 /* Preview Assets.xcassets */; };
		1F7F025A248B0F9C0039DFB9 /* LaunchScreen.storyboard in Resources */ = {isa = PBXBuildFile; fileRef = 1F7F0258248B0F9C0039DFB9 /* LaunchScreen.storyboard */; };
		1F7F0262248B10160039DFB9 /* BookList.swift in Sources */ = {isa = PBXBuildFile; fileRef = 1F7F0261248B10160039DFB9 /* BookList.swift */; };
		1F7F0264248B3D6F0039DFB9 /* BookDetailView.swift in Sources */ = {isa = PBXBuildFile; fileRef = 1F7F0263248B3D6F0039DFB9 /* BookDetailView.swift */; };
		1F7F0266248B40790039DFB9 /* UserSettings.swift in Sources */ = {isa = PBXBuildFile; fileRef = 1F7F0265248B40790039DFB9 /* UserSettings.swift */; };
/* End PBXBuildFile section */

/* Begin PBXFileReference section */
		1F7F024A248B0F9A0039DFB9 /* ListDetailSwiftUI.app */ = {isa = PBXFileReference; explicitFileType = wrapper.application; includeInIndex = 0; path = ListDetailSwiftUI.app; sourceTree = BUILT_PRODUCTS_DIR; };
		1F7F024D248B0F9A0039DFB9 /* AppDelegate.swift */ = {isa = PBXFileReference; lastKnownFileType = sourcecode.swift; path = AppDelegate.swift; sourceTree = "<group>"; };
		1F7F024F248B0F9A0039DFB9 /* SceneDelegate.swift */ = {isa = PBXFileReference; lastKnownFileType = sourcecode.swift; path = SceneDelegate.swift; sourceTree = "<group>"; };
		1F7F0251248B0F9A0039DFB9 /* ContentView.swift */ = {isa = PBXFileReference; lastKnownFileType = sourcecode.swift; path = ContentView.swift; sourceTree = "<group>"; };
		1F7F0253248B0F9C0039DFB9 /* Assets.xcassets */ = {isa = PBXFileReference; lastKnownFileType = folder.assetcatalog; path = Assets.xcassets; sourceTree = "<group>"; };
		1F7F0256248B0F9C0039DFB9 /* Preview Assets.xcassets */ = {isa = PBXFileReference; lastKnownFileType = folder.assetcatalog; path = "Preview Assets.xcassets"; sourceTree = "<group>"; };
		1F7F0259248B0F9C0039DFB9 /* Base */ = {isa = PBXFileReference; lastKnownFileType = file.storyboard; name = Base; path = Base.lproj/LaunchScreen.storyboard; sourceTree = "<group>"; };
		1F7F025B248B0F9C0039DFB9 /* Info.plist */ = {isa = PBXFileReference; lastKnownFileType = text.plist.xml; path = Info.plist; sourceTree = "<group>"; };
		1F7F0261248B10160039DFB9 /* BookList.swift */ = {isa = PBXFileReference; lastKnownFileType = sourcecode.swift; path = BookList.swift; sourceTree = "<group>"; };
		1F7F0263248B3D6F0039DFB9 /* BookDetailView.swift */ = {isa = PBXFileReference; lastKnownFileType = sourcecode.swift; path = BookDetailView.swift; sourceTree = "<group>"; };
		1F7F0265248B40790039DFB9 /* UserSettings.swift */ = {isa = PBXFileReference; lastKnownFileType = sourcecode.swift; path = UserSettings.swift; sourceTree = "<group>"; };
/* End PBXFileReference section */

/* Begin PBXFrameworksBuildPhase section */
		1F7F0247248B0F9A0039DFB9 /* Frameworks */ = {
			isa = PBXFrameworksBuildPhase;
			buildActionMask = 2147483647;
			files = (
			);
			runOnlyForDeploymentPostprocessing = 0;
		};
/* End PBXFrameworksBuildPhase section */

/* Begin PBXGroup section */
		1F7F0241248B0F9A0039DFB9 = {
			isa = PBXGroup;
			children = (
				1F7F024C248B0F9A0039DFB9 /* ListDetailSwiftUI */,
				1F7F024B248B0F9A0039DFB9 /* Products */,
			);
			sourceTree = "<group>";
		};
		1F7F024B248B0F9A0039DFB9 /* Products */ = {
			isa = PBXGroup;
			children = (
				1F7F024A248B0F9A0039DFB9 /* ListDetailSwiftUI.app */,
			);
			name = Products;
			sourceTree = "<group>";
		};
		1F7F024C248B0F9A0039DFB9 /* ListDetailSwiftUI */ = {
			isa = PBXGroup;
			children = (
				1F7F024D248B0F9A0039DFB9 /* AppDelegate.swift */,
				1F7F024F248B0F9A0039DFB9 /* SceneDelegate.swift */,
				1F7F0251248B0F9A0039DFB9 /* ContentView.swift */,
				1F7F0261248B10160039DFB9 /* BookList.swift */,
				1F7F0263248B3D6F0039DFB9 /* BookDetailView.swift */,
				1F7F0265248B40790039DFB9 /* UserSettings.swift */,
				1F7F0253248B0F9C0039DFB9 /* Assets.xcassets */,
				1F7F0258248B0F9C0039DFB9 /* LaunchScreen.storyboard */,
				1F7F025B248B0F9C0039DFB9 /* Info.plist */,
				1F7F0255248B0F9C0039DFB9 /* Preview Content */,
			);
			path = ListDetailSwiftUI;
			sourceTree = "<group>";
		};
		1F7F0255248B0F9C0039DFB9 /* Preview Content */ = {
			isa = PBXGroup;
			children = (
				1F7F0256248B0F9C0039DFB9 /* Preview Assets.xcassets */,
			);
			path = "Preview Content";
			sourceTree = "<group>";
		};
/* End PBXGroup section */

/* Begin PBXNativeTarget section */
		1F7F0249248B0F9A0039DFB9 /* ListDetailSwiftUI */ = {
			isa = PBXNativeTarget;
			buildConfigurationList = 1F7F025E248B0F9C0039DFB9 /* Build configuration list for PBXNativeTarget "ListDetailSwiftUI" */;
			buildPhases = (
				1F7F0246248B0F9A0039DFB9 /* Sources */,
				1F7F0247248B0F9A0039DFB9 /* Frameworks */,
				1F7F0248248B0F9A0039DFB9 /* Resources */,
			);
			buildRules = (
			);
			dependencies = (
			);
			name = ListDetailSwiftUI;
			productName = ListDetailSwiftUI;
			productReference = 1F7F024A248B0F9A0039DFB9 /* ListDetailSwiftUI.app */;
			productType = "com.apple.product-type.application";
		};
/* End PBXNativeTarget section */

/* Begin PBXProject section */
		1F7F0242248B0F9A0039DFB9 /* Project object */ = {
			isa = PBXProject;
			attributes = {
				LastSwiftUpdateCheck = 1150;
				LastUpgradeCheck = 1150;
				ORGANIZATIONNAME = "Noah budarf";
				TargetAttributes = {
					1F7F0249248B0F9A0039DFB9 = {
						CreatedOnToolsVersion = 11.5;
					};
				};
			};
			buildConfigurationList = 1F7F0245248B0F9A0039DFB9 /* Build configuration list for PBXProject "ListDetailSwiftUI" */;
			compatibilityVersion = "Xcode 9.3";
			developmentRegion = en;
			hasScannedForEncodings = 0;
			knownRegions = (
				en,
				Base,
			);
			mainGroup = 1F7F0241248B0F9A0039DFB9;
			productRefGroup = 1F7F024B248B0F9A0039DFB9 /* Products */;
			projectDirPath = "";
			projectRoot = "";
			targets = (
				1F7F0249248B0F9A0039DFB9 /* ListDetailSwiftUI */,
			);
		};
/* End PBXProject section */

/* Begin PBXResourcesBuildPhase section */
		1F7F0248248B0F9A0039DFB9 /* Resources */ = {
			isa = PBXResourcesBuildPhase;
			buildActionMask = 2147483647;
			files = (
				1F7F025A248B0F9C0039DFB9 /* LaunchScreen.storyboard in Resources */,
				1F7F0257248B0F9C0039DFB9 /* Preview Assets.xcassets in Resources */,
				1F7F0254248B0F9C0039DFB9 /* Assets.xcassets in Resources */,
			);
			runOnlyForDeploymentPostprocessing = 0;
		};
/* End PBXResourcesBuildPhase section */

/* Begin PBXSourcesBuildPhase section */
		1F7F0246248B0F9A0039DFB9 /* Sources */ = {
			isa = PBXSourcesBuildPhase;
			buildActionMask = 2147483647;
			files = (
				1F7F0262248B10160039DFB9 /* BookList.swift in Sources */,
				1F7F0266248B40790039DFB9 /* UserSettings.swift in Sources */,
				1F7F024E248B0F9A0039DFB9 /* AppDelegate.swift in Sources */,
				1F7F0250248B0F9A0039DFB9 /* SceneDelegate.swift in Sources */,
				1F7F0252248B0F9A0039DFB9 /* ContentView.swift in Sources */,
				1F7F0264248B3D6F0039DFB9 /* BookDetailView.swift in Sources */,
			);
			runOnlyForDeploymentPostprocessing = 0;
		};
/* End PBXSourcesBuildPhase section */

/* Begin PBXVariantGroup section */
		1F7F0258248B0F9C0039DFB9 /* LaunchScreen.storyboard */ = {
			isa = PBXVariantGroup;
			children = (
				1F7F0259248B0F9C0039DFB9 /* Base */,
			);
			name = LaunchScreen.storyboard;
			sourceTree = "<group>";
		};
/* End PBXVariantGroup section */

/* Begin XCBuildConfiguration section */
		1F7F025C248B0F9C0039DFB9 /* Debug */ = {
			isa = XCBuildConfiguration;
			buildSettings = {
				ALWAYS_SEARCH_USER_PATHS = NO;
				CLANG_ANALYZER_NONNULL = YES;
				CLANG_ANALYZER_NUMBER_OBJECT_CONVERSION = YES_AGGRESSIVE;
				CLANG_CXX_LANGUAGE_STANDARD = "gnu++14";
				CLANG_CXX_LIBRARY = "libc++";
				CLANG_ENABLE_MODULES = YES;
				CLANG_ENABLE_OBJC_ARC = YES;
				CLANG_ENABLE_OBJC_WEAK = YES;
				CLANG_WARN_BLOCK_CAPTURE_AUTORELEASING = YES;
				CLANG_WARN_BOOL_CONVERSION = YES;
				CLANG_WARN_COMMA = YES;
				CLANG_WARN_CONSTANT_CONVERSION = YES;
				CLANG_WARN_DEPRECATED_OBJC_IMPLEMENTATIONS = YES;
				CLANG_WARN_DIRECT_OBJC_ISA_USAGE = YES_ERROR;
				CLANG_WARN_DOCUMENTATION_COMMENTS = YES;
				CLANG_WARN_EMPTY_BODY = YES;
				CLANG_WARN_ENUM_CONVERSION = YES;
				CLANG_WARN_INFINITE_RECURSION = YES;
				CLANG_WARN_INT_CONVERSION = YES;
				CLANG_WARN_NON_LITERAL_NULL_CONVERSION = YES;
				CLANG_WARN_OBJC_IMPLICIT_RETAIN_SELF = YES;
				CLANG_WARN_OBJC_LITERAL_CONVERSION = YES;
				CLANG_WARN_OBJC_ROOT_CLASS = YES_ERROR;
				CLANG_WARN_RANGE_LOOP_ANALYSIS = YES;
				CLANG_WARN_STRICT_PROTOTYPES = YES;
				CLANG_WARN_SUSPICIOUS_MOVE = YES;
				CLANG_WARN_UNGUARDED_AVAILABILITY = YES_AGGRESSIVE;
				CLANG_WARN_UNREACHABLE_CODE = YES;
				CLANG_WARN__DUPLICATE_METHOD_MATCH = YES;
				COPY_PHASE_STRIP = NO;
				DEBUG_INFORMATION_FORMAT = dwarf;
				ENABLE_STRICT_OBJC_MSGSEND = YES;
				ENABLE_TESTABILITY = YES;
				GCC_C_LANGUAGE_STANDARD = gnu11;
				GCC_DYNAMIC_NO_PIC = NO;
				GCC_NO_COMMON_BLOCKS = YES;
				GCC_OPTIMIZATION_LEVEL = 0;
				GCC_PREPROCESSOR_DEFINITIONS = (
					"DEBUG=1",
					"$(inherited)",
				);
				GCC_WARN_64_TO_32_BIT_CONVERSION = YES;
				GCC_WARN_ABOUT_RETURN_TYPE = YES_ERROR;
				GCC_WARN_UNDECLARED_SELECTOR = YES;
				GCC_WARN_UNINITIALIZED_AUTOS = YES_AGGRESSIVE;
				GCC_WARN_UNUSED_FUNCTION = YES;
				GCC_WARN_UNUSED_VARIABLE = YES;
				IPHONEOS_DEPLOYMENT_TARGET = 13.5;
				MTL_ENABLE_DEBUG_INFO = INCLUDE_SOURCE;
				MTL_FAST_MATH = YES;
				ONLY_ACTIVE_ARCH = YES;
				SDKROOT = iphoneos;
				SWIFT_ACTIVE_COMPILATION_CONDITIONS = DEBUG;
				SWIFT_OPTIMIZATION_LEVEL = "-Onone";
			};
			name = Debug;
		};
		1F7F025D248B0F9C0039DFB9 /* Release */ = {
			isa = XCBuildConfiguration;
			buildSettings = {
				ALWAYS_SEARCH_USER_PATHS = NO;
				CLANG_ANALYZER_NONNULL = YES;
				CLANG_ANALYZER_NUMBER_OBJECT_CONVERSION = YES_AGGRESSIVE;
				CLANG_CXX_LANGUAGE_STANDARD = "gnu++14";
				CLANG_CXX_LIBRARY = "libc++";
				CLANG_ENABLE_MODULES = YES;
				CLANG_ENABLE_OBJC_ARC = YES;
				CLANG_ENABLE_OBJC_WEAK = YES;
				CLANG_WARN_BLOCK_CAPTURE_AUTORELEASING = YES;
				CLANG_WARN_BOOL_CONVERSION = YES;
				CLANG_WARN_COMMA = YES;
				CLANG_WARN_CONSTANT_CONVERSION = YES;
				CLANG_WARN_DEPRECATED_OBJC_IMPLEMENTATIONS = YES;
				CLANG_WARN_DIRECT_OBJC_ISA_USAGE = YES_ERROR;
				CLANG_WARN_DOCUMENTATION_COMMENTS = YES;
				CLANG_WARN_EMPTY_BODY = YES;
				CLANG_WARN_ENUM_CONVERSION = YES;
				CLANG_WARN_INFINITE_RECURSION = YES;
				CLANG_WARN_INT_CONVERSION = YES;
				CLANG_WARN_NON_LITERAL_NULL_CONVERSION = YES;
				CLANG_WARN_OBJC_IMPLICIT_RETAIN_SELF = YES;
				CLANG_WARN_OBJC_LITERAL_CONVERSION = YES;
				CLANG_WARN_OBJC_ROOT_CLASS = YES_ERROR;
				CLANG_WARN_RANGE_LOOP_ANALYSIS = YES;
				CLANG_WARN_STRICT_PROTOTYPES = YES;
				CLANG_WARN_SUSPICIOUS_MOVE = YES;
				CLANG_WARN_UNGUARDED_AVAILABILITY = YES_AGGRESSIVE;
				CLANG_WARN_UNREACHABLE_CODE = YES;
				CLANG_WARN__DUPLICATE_METHOD_MATCH = YES;
				COPY_PHASE_STRIP = NO;
				DEBUG_INFORMATION_FORMAT = "dwarf-with-dsym";
				ENABLE_NS_ASSERTIONS = NO;
				ENABLE_STRICT_OBJC_MSGSEND = YES;
				GCC_C_LANGUAGE_STANDARD = gnu11;
				GCC_NO_COMMON_BLOCKS = YES;
				GCC_WARN_64_TO_32_BIT_CONVERSION = YES;
				GCC_WARN_ABOUT_RETURN_TYPE = YES_ERROR;
				GCC_WARN_UNDECLARED_SELECTOR = YES;
				GCC_WARN_UNINITIALIZED_AUTOS = YES_AGGRESSIVE;
				GCC_WARN_UNUSED_FUNCTION = YES;
				GCC_WARN_UNUSED_VARIABLE = YES;
				IPHONEOS_DEPLOYMENT_TARGET = 13.5;
				MTL_ENABLE_DEBUG_INFO = NO;
				MTL_FAST_MATH = YES;
				SDKROOT = iphoneos;
				SWIFT_COMPILATION_MODE = wholemodule;
				SWIFT_OPTIMIZATION_LEVEL = "-O";
				VALIDATE_PRODUCT = YES;
			};
			name = Release;
		};
		1F7F025F248B0F9C0039DFB9 /* Debug */ = {
			isa = XCBuildConfiguration;
			buildSettings = {
				ASSETCATALOG_COMPILER_APPICON_NAME = AppIcon;
				CODE_SIGN_STYLE = Automatic;
				DEVELOPMENT_ASSET_PATHS = "\"ListDetailSwiftUI/Preview Content\"";
				ENABLE_PREVIEWS = YES;
				INFOPLIST_FILE = ListDetailSwiftUI/Info.plist;
				LD_RUNPATH_SEARCH_PATHS = (
					"$(inherited)",
					"@executable_path/Frameworks",
				);
				PRODUCT_BUNDLE_IDENTIFIER = "Noah-Budarf.ListDetailSwiftUI";
				PRODUCT_NAME = "$(TARGET_NAME)";
				SWIFT_VERSION = 5.0;
				TARGETED_DEVICE_FAMILY = "1,2";
			};
			name = Debug;
		};
		1F7F0260248B0F9C0039DFB9 /* Release */ = {
			isa = XCBuildConfiguration;
			buildSettings = {
				ASSETCATALOG_COMPILER_APPICON_NAME = AppIcon;
				CODE_SIGN_STYLE = Automatic;
				DEVELOPMENT_ASSET_PATHS = "\"ListDetailSwiftUI/Preview Content\"";
				ENABLE_PREVIEWS = YES;
				INFOPLIST_FILE = ListDetailSwiftUI/Info.plist;
				LD_RUNPATH_SEARCH_PATHS = (
					"$(inherited)",
					"@executable_path/Frameworks",
				);
				PRODUCT_BUNDLE_IDENTIFIER = "Noah-Budarf.ListDetailSwiftUI";
				PRODUCT_NAME = "$(TARGET_NAME)";
				SWIFT_VERSION = 5.0;
				TARGETED_DEVICE_FAMILY = "1,2";
			};
			name = Release;
		};
/* End XCBuildConfiguration section */

/* Begin XCConfigurationList section */
		1F7F0245248B0F9A0039DFB9 /* Build configuration list for PBXProject "ListDetailSwiftUI" */ = {
			isa = XCConfigurationList;
			buildConfigurations = (
				1F7F025C248B0F9C0039DFB9 /* Debug */,
				1F7F025D248B0F9C0039DFB9 /* Release */,
			);
			defaultConfigurationIsVisible = 0;
			defaultConfigurationName = Release;
		};
		1F7F025E248B0F9C0039DFB9 /* Build configuration list for PBXNativeTarget "ListDetailSwiftUI" */ = {
			isa = XCConfigurationList;
			buildConfigurations = (
				1F7F025F248B0F9C0039DFB9 /* Debug */,
				1F7F0260248B0F9C0039DFB9 /* Release */,
			);
			defaultConfigurationIsVisible = 0;
			defaultConfigurationName = Release;
		};
/* End XCConfigurationList section */
	};
	rootObject = 1F7F0242248B0F9A0039DFB9 /* Project object */;
}
